<?xml version="1.0" encoding="utf-8"?>
<Project ToolsVersion="4.0" xmlns="http://schemas.microsoft.com/developer/msbuild/2003">
  <ItemGroup>
    <Filter Include="Utility">
      <UniqueIdentifier>{404816a8-8016-475d-97d4-bca991c34e16}</UniqueIdentifier>
    </Filter>
    <Filter Include="Manager">
      <UniqueIdentifier>{6d89210d-7080-4d4c-91af-d05dde0283d8}</UniqueIdentifier>
    </Filter>
    <Filter Include="Scene">
      <UniqueIdentifier>{3cdc1019-65b9-44dd-8c93-19e64c7d1e36}</UniqueIdentifier>
    </Filter>
    <Filter Include="Database">
      <UniqueIdentifier>{43695152-46ec-46e2-bebd-af38c439e310}</UniqueIdentifier>
    </Filter>
    <Filter Include="Manager\GameManager">
      <UniqueIdentifier>{b9ae1070-9045-45bd-98d7-1a1852e7d946}</UniqueIdentifier>
    </Filter>
    <Filter Include="Manager\RenderManager">
      <UniqueIdentifier>{d864aafc-5651-4d6e-9261-540c3bc7ffad}</UniqueIdentifier>
    </Filter>
    <Filter Include="Manager\InputManager">
      <UniqueIdentifier>{73e4f973-9954-4d4a-81ed-638da1d5e194}</UniqueIdentifier>
    </Filter>
    <Filter Include="Manager\SoundManager">
      <UniqueIdentifier>{1e42deaf-ccd5-4175-a64a-9d0d1bb6d640}</UniqueIdentifier>
    </Filter>
    <Filter Include="Manager\SceneManager">
      <UniqueIdentifier>{a8135f5e-8bc6-4f5e-8ca8-efdc2011b23a}</UniqueIdentifier>
    </Filter>
    <Filter Include="Manager\ObjectManager">
      <UniqueIdentifier>{8b50f331-0189-446e-9204-dcca534d1604}</UniqueIdentifier>
    </Filter>
    <Filter Include="Manager\WindowManager">
      <UniqueIdentifier>{788d51e1-6b9b-4619-973e-0cabb57469f7}</UniqueIdentifier>
    </Filter>
    <Filter Include="Scene\StartScene">
      <UniqueIdentifier>{3e71a55f-4ab4-4927-9656-354ddc69f712}</UniqueIdentifier>
    </Filter>
    <Filter Include="Scene\PlayScene">
      <UniqueIdentifier>{ba034d7e-d852-4375-9b32-8a97c3a28a1b}</UniqueIdentifier>
    </Filter>
    <Filter Include="Scene\EndScene">
      <UniqueIdentifier>{b72730f5-2c9d-4b2a-bc32-e4dc8ff71bed}</UniqueIdentifier>
    </Filter>
    <Filter Include="Scene\ShopScene">
      <UniqueIdentifier>{6916681d-31b4-432b-946c-e93b23fc7600}</UniqueIdentifier>
    </Filter>
    <Filter Include="Database\CreatureDB">
      <UniqueIdentifier>{df4566cd-fe5b-4e1d-ae42-95acc11948c1}</UniqueIdentifier>
    </Filter>
    <Filter Include="Database\ItemDB">
      <UniqueIdentifier>{27d3fc69-5c63-4de7-8f4b-a2cfd8db482c}</UniqueIdentifier>
    </Filter>
    <Filter Include="Manager\Grenade">
      <UniqueIdentifier>{5d0d3396-dc64-40a6-81a2-98b21a233e66}</UniqueIdentifier>
    </Filter>
    <Filter Include="Object">
      <UniqueIdentifier>{0aa4cd92-a960-4af1-857a-cdb9d810f506}</UniqueIdentifier>
    </Filter>
    <Filter Include="Object\Player">
      <UniqueIdentifier>{1a9f1b63-0b66-4101-aeed-19215f375ec6}</UniqueIdentifier>
    </Filter>
    <Filter Include="Object\Creature">
      <UniqueIdentifier>{2f7cb9ad-763a-473d-bb9c-53cd497a497b}</UniqueIdentifier>
    </Filter>
    <Filter Include="Object\Bunker">
      <UniqueIdentifier>{7cd7686b-4c75-42bf-bb8c-16f77358d7eb}</UniqueIdentifier>
    </Filter>
    <Filter Include="Object\Item">
      <UniqueIdentifier>{bf5198ca-baa8-4b67-8b32-939d22039856}</UniqueIdentifier>
    </Filter>
    <Filter Include="Object\Button">
      <UniqueIdentifier>{d4317b8e-6984-408a-b1df-4273c3161d94}</UniqueIdentifier>
    </Filter>
    <Filter Include="Object\Bullet">
      <UniqueIdentifier>{902e043d-e981-4d06-af03-4ec3172b5fa1}</UniqueIdentifier>
    </Filter>
    <Filter Include="UI">
      <UniqueIdentifier>{5cb1db3c-58c1-4b11-86f3-65928f4f69ed}</UniqueIdentifier>
    </Filter>
  </ItemGroup>
  <ItemGroup>
    <ClCompile Include="Main.cpp" />
    <ClCompile Include="GameManager.cpp">
      <Filter>Manager\GameManager</Filter>
    </ClCompile>
    <ClCompile Include="InputManager.cpp">
      <Filter>Manager\InputManager</Filter>
    </ClCompile>
    <ClCompile Include="SoundManager.cpp">
      <Filter>Manager\SoundManager</Filter>
    </ClCompile>
    <ClCompile Include="RenderManager.cpp">
      <Filter>Manager\RenderManager</Filter>
    </ClCompile>
    <ClCompile Include="SceneManager.cpp">
      <Filter>Manager\SceneManager</Filter>
    </ClCompile>
    <ClCompile Include="ObjectManager.cpp">
      <Filter>Manager\ObjectManager</Filter>
    </ClCompile>
    <ClCompile Include="PlayScene.cpp">
      <Filter>Scene\PlayScene</Filter>
    </ClCompile>
    <ClCompile Include="Creature.cpp">
      <Filter>Object\Creature</Filter>
    </ClCompile>
    <ClCompile Include="ShopScene.cpp">
      <Filter>Scene\ShopScene</Filter>
    </ClCompile>
    <ClCompile Include="ItemDB.cpp">
      <Filter>Database\ItemDB</Filter>
    </ClCompile>
    <ClCompile Include="CreatureDB.cpp">
      <Filter>Database\CreatureDB</Filter>
    </ClCompile>
    <ClCompile Include="Item.cpp">
      <Filter>Object\Item</Filter>
    </ClCompile>
    <ClCompile Include="Bunker.cpp">
      <Filter>Object\Bunker</Filter>
    </ClCompile>
    <ClCompile Include="Button.cpp">
      <Filter>Object\Button</Filter>
    </ClCompile>
    <ClCompile Include="Bullet.cpp">
      <Filter>Object\Bullet</Filter>
    </ClCompile>
    <ClCompile Include="WindowManager.cpp">
      <Filter>Manager\WindowManager</Filter>
    </ClCompile>
    <ClCompile Include="Player.cpp">
      <Filter>Object\Player</Filter>
    </ClCompile>
    <ClCompile Include="Grenade.cpp">
      <Filter>Manager\Grenade</Filter>
    </ClCompile>
  </ItemGroup>
  <ItemGroup>
    <ClInclude Include="Math.h">
      <Filter>Utility</Filter>
    </ClInclude>
    <ClInclude Include="Singleton.h">
      <Filter>Utility</Filter>
    </ClInclude>
    <ClInclude Include="AnimationController.h">
      <Filter>Utility</Filter>
    </ClInclude>
    <ClInclude Include="Common.h">
      <Filter>Utility</Filter>
    </ClInclude>
    <ClInclude Include="GameManager.h">
      <Filter>Manager\GameManager</Filter>
    </ClInclude>
    <ClInclude Include="InputManager.h">
      <Filter>Manager\InputManager</Filter>
    </ClInclude>
    <ClInclude Include="SoundManager.h">
      <Filter>Manager\SoundManager</Filter>
    </ClInclude>
    <ClInclude Include="RenderManager.h">
      <Filter>Manager\RenderManager</Filter>
    </ClInclude>
    <ClInclude Include="PlayScene.h">
      <Filter>Scene\PlayScene</Filter>
    </ClInclude>
    <ClInclude Include="Note.h" />
    <ClInclude Include="Creature.h">
      <Filter>Object\Creature</Filter>
    </ClInclude>
    <ClInclude Include="ShopScene.h">
      <Filter>Scene\ShopScene</Filter>
    </ClInclude>
    <ClInclude Include="ItemDB.h">
      <Filter>Database\ItemDB</Filter>
    </ClInclude>
    <ClInclude Include="CreatureDB.h">
      <Filter>Database\CreatureDB</Filter>
    </ClInclude>
    <ClInclude Include="Item.h">
      <Filter>Object\Item</Filter>
    </ClInclude>
    <ClInclude Include="Bunker.h">
      <Filter>Object\Bunker</Filter>
    </ClInclude>
    <ClInclude Include="Button.h">
      <Filter>Object\Button</Filter>
    </ClInclude>
    <ClInclude Include="SceneManager.h">
      <Filter>Manager\SceneManager</Filter>
    </ClInclude>
    <ClInclude Include="Bullet.h">
      <Filter>Object\Bullet</Filter>
    </ClInclude>
    <ClInclude Include="WindowManager.h">
      <Filter>Manager\WindowManager</Filter>
    </ClInclude>
    <ClInclude Include="ObjectManager.h">
      <Filter>Manager\ObjectManager</Filter>
    </ClInclude>
    <ClInclude Include="Player.h">
      <Filter>Object\Player</Filter>
    </ClInclude>
    <ClInclude Include="Grenade.h">
      <Filter>Manager\Grenade</Filter>
    </ClInclude>
    <ClInclude Include="ProgressBar.h">
      <Filter>UI</Filter>
    </ClInclude>
  </ItemGroup>
</Project>